
Microsoft Visual Studio Solution File, Format Version 12.00
# Visual Studio Version 16
VisualStudioVersion = 16.0.32630.194
MinimumVisualStudioVersion = 10.0.40219.1
Project("{FAE04EC0-301F-11D3-BF4B-00C04F79EFBC}") = "Notas", "Notas\Notas.csproj", "{61FA5ED0-280F-48DE-94F5-B00559B5BDD5}"
EndProject
Global
	GlobalSection(SolutionConfigurationPlatforms) = preSolution
		Debug|Any CPU = Debug|Any CPU
		Release|Any CPU = Release|Any CPU
	EndGlobalSection
	GlobalSection(ProjectConfigurationPlatforms) = postSolution
		{61FA5ED0-280F-48DE-94F5-B00559B5BDD5}.Debug|Any CPU.ActiveCfg = Debug|Any CPU
		{61FA5ED0-280F-48DE-94F5-B00559B5BDD5}.Debug|Any CPU.Build.0 = Debug|Any CPU
		{61FA5ED0-280F-48DE-94F5-B00559B5BDD5}.Release|Any CPU.ActiveCfg = Release|Any CPU
		{61FA5ED0-280F-48DE-94F5-B00559B5BDD5}.Release|Any CPU.Build.0 = Release|Any CPU
	EndGlobalSection
	GlobalSection(SolutionProperties) = preSolution
		HideSolutionNode = FALSE
	EndGlobalSection
	GlobalSection(ExtensibilityGlobals) = postSolution
		SolutionGuid = {596BD0B0-7304-45A5-AE42-8D8AE1C6FAD3}
	EndGlobalSection
EndGlobal
